
Microsoft Visual Studio Solution File, Format Version 12.00
# Visual Studio 14
VisualStudioVersion = 14.0.25123.0
MinimumVisualStudioVersion = 10.0.40219.1
Project("{FAE04EC0-301F-11D3-BF4B-00C04F79EFBC}") = "TXABlankApp", "TXABlankApp\TXABlankApp.csproj", "{207ABCEA-91AB-4F17-B5E9-C66C94FD60FE}"
EndProject
Project("{FAE04EC0-301F-11D3-BF4B-00C04F79EFBC}") = "TXABlankAppCompat", "TXABlankAppCompat\TXABlankAppCompat.csproj", "{E033292C-1101-44F4-867D-083EF8DB215F}"
EndProject
Project("{FAE04EC0-301F-11D3-BF4B-00C04F79EFBC}") = "TXABlankDrawerAppCompat", "TXABlankDrawerAppCompat\TXABlankDrawerAppCompat.csproj", "{0393D583-541C-43B7-8693-ABD7B6548E6F}"
EndProject
Project("{2150E333-8FDC-42A3-9474-1A3956D46DE8}") = "1 - Traditional Approach", "1 - Traditional Approach", "{FFDFC062-C7C7-4163-BE20-4A8CC98F90C2}"
EndProject
Project("{2150E333-8FDC-42A3-9474-1A3956D46DE8}") = "2 - Forms", "2 - Forms", "{23C9172F-4E89-4684-B931-53D7CB212BE4}"
EndProject
Project("{FAE04EC0-301F-11D3-BF4B-00C04F79EFBC}") = "XFABlankApp.Droid", "XFABlankApp\XFABlankApp.Droid\XFABlankApp.Droid.csproj", "{2543F91E-9C19-44E1-BC38-2FC848A35211}"
EndProject
Project("{FAE04EC0-301F-11D3-BF4B-00C04F79EFBC}") = "XFABlankApp.iOS", "XFABlankApp\XFABlankApp.iOS\XFABlankApp.iOS.csproj", "{38EB65AA-0F27-46A5-BBAD-355EA85F3DA5}"
EndProject
Project("{FAE04EC0-301F-11D3-BF4B-00C04F79EFBC}") = "XFABlankApp.WinPhone", "XFABlankApp\XFABlankApp.WinPhone\XFABlankApp.WinPhone.csproj", "{C389D123-BCEC-45EA-B392-E525FB741051}"
EndProject
Project("{FAE04EC0-301F-11D3-BF4B-00C04F79EFBC}") = "XFABlankApp.UWP", "XFABlankApp\XFABlankApp.UWP\XFABlankApp.UWP.csproj", "{317637DB-D6C3-470D-B6AB-987C6BCCE479}"
EndProject
Project("{FAE04EC0-301F-11D3-BF4B-00C04F79EFBC}") = "XFABlankApp.Windows", "XFABlankApp\XFABlankApp.Windows\XFABlankApp.Windows.csproj", "{6449373F-B83E-4C21-96BF-85D328A2FA79}"
EndProject
Project("{FAE04EC0-301F-11D3-BF4B-00C04F79EFBC}") = "XFABlankApp", "XFABlankApp\XFABlankApp\XFABlankApp.csproj", "{0CCB969F-02DF-4F92-B89F-9295235AF02F}"
EndProject
Global
	GlobalSection(SolutionConfigurationPlatforms) = preSolution
		Ad-Hoc|Any CPU = Ad-Hoc|Any CPU
		Ad-Hoc|ARM = Ad-Hoc|ARM
		Ad-Hoc|iPhone = Ad-Hoc|iPhone
		Ad-Hoc|iPhoneSimulator = Ad-Hoc|iPhoneSimulator
		Ad-Hoc|x64 = Ad-Hoc|x64
		Ad-Hoc|x86 = Ad-Hoc|x86
		AppStore|Any CPU = AppStore|Any CPU
		AppStore|ARM = AppStore|ARM
		AppStore|iPhone = AppStore|iPhone
		AppStore|iPhoneSimulator = AppStore|iPhoneSimulator
		AppStore|x64 = AppStore|x64
		AppStore|x86 = AppStore|x86
		Debug|Any CPU = Debug|Any CPU
		Debug|ARM = Debug|ARM
		Debug|iPhone = Debug|iPhone
		Debug|iPhoneSimulator = Debug|iPhoneSimulator
		Debug|x64 = Debug|x64
		Debug|x86 = Debug|x86
		Release|Any CPU = Release|Any CPU
		Release|ARM = Release|ARM
		Release|iPhone = Release|iPhone
		Release|iPhoneSimulator = Release|iPhoneSimulator
		Release|x64 = Release|x64
		Release|x86 = Release|x86
	EndGlobalSection
	GlobalSection(ProjectConfigurationPlatforms) = postSolution
		{207ABCEA-91AB-4F17-B5E9-C66C94FD60FE}.Ad-Hoc|Any CPU.ActiveCfg = Release|Any CPU
		{207ABCEA-91AB-4F17-B5E9-C66C94FD60FE}.Ad-Hoc|Any CPU.Build.0 = Release|Any CPU
		{207ABCEA-91AB-4F17-B5E9-C66C94FD60FE}.Ad-Hoc|Any CPU.Deploy.0 = Release|Any CPU
		{207ABCEA-91AB-4F17-B5E9-C66C94FD60FE}.Ad-Hoc|ARM.ActiveCfg = Release|Any CPU
		{207ABCEA-91AB-4F17-B5E9-C66C94FD60FE}.Ad-Hoc|ARM.Build.0 = Release|Any CPU
		{207ABCEA-91AB-4F17-B5E9-C66C94FD60FE}.Ad-Hoc|ARM.Deploy.0 = Release|Any CPU
		{207ABCEA-91AB-4F17-B5E9-C66C94FD60FE}.Ad-Hoc|iPhone.ActiveCfg = Release|Any CPU
		{207ABCEA-91AB-4F17-B5E9-C66C94FD60FE}.Ad-Hoc|iPhone.Build.0 = Release|Any CPU
		{207ABCEA-91AB-4F17-B5E9-C66C94FD60FE}.Ad-Hoc|iPhone.Deploy.0 = Release|Any CPU
		{207ABCEA-91AB-4F17-B5E9-C66C94FD60FE}.Ad-Hoc|iPhoneSimulator.ActiveCfg = Release|Any CPU
		{207ABCEA-91AB-4F17-B5E9-C66C94FD60FE}.Ad-Hoc|iPhoneSimulator.Build.0 = Release|Any CPU
		{207ABCEA-91AB-4F17-B5E9-C66C94FD60FE}.Ad-Hoc|iPhoneSimulator.Deploy.0 = Release|Any CPU
		{207ABCEA-91AB-4F17-B5E9-C66C94FD60FE}.Ad-Hoc|x64.ActiveCfg = Release|Any CPU
		{207ABCEA-91AB-4F17-B5E9-C66C94FD60FE}.Ad-Hoc|x64.Build.0 = Release|Any CPU
		{207ABCEA-91AB-4F17-B5E9-C66C94FD60FE}.Ad-Hoc|x64.Deploy.0 = Release|Any CPU
		{207ABCEA-91AB-4F17-B5E9-C66C94FD60FE}.Ad-Hoc|x86.ActiveCfg = Release|Any CPU
		{207ABCEA-91AB-4F17-B5E9-C66C94FD60FE}.Ad-Hoc|x86.Build.0 = Release|Any CPU
		{207ABCEA-91AB-4F17-B5E9-C66C94FD60FE}.Ad-Hoc|x86.Deploy.0 = Release|Any CPU
		{207ABCEA-91AB-4F17-B5E9-C66C94FD60FE}.AppStore|Any CPU.ActiveCfg = Release|Any CPU
		{207ABCEA-91AB-4F17-B5E9-C66C94FD60FE}.AppStore|Any CPU.Build.0 = Release|Any CPU
		{207ABCEA-91AB-4F17-B5E9-C66C94FD60FE}.AppStore|Any CPU.Deploy.0 = Release|Any CPU
		{207ABCEA-91AB-4F17-B5E9-C66C94FD60FE}.AppStore|ARM.ActiveCfg = Release|Any CPU
		{207ABCEA-91AB-4F17-B5E9-C66C94FD60FE}.AppStore|ARM.Build.0 = Release|Any CPU
		{207ABCEA-91AB-4F17-B5E9-C66C94FD60FE}.AppStore|ARM.Deploy.0 = Release|Any CPU
		{207ABCEA-91AB-4F17-B5E9-C66C94FD60FE}.AppStore|iPhone.ActiveCfg = Release|Any CPU
		{207ABCEA-91AB-4F17-B5E9-C66C94FD60FE}.AppStore|iPhone.Build.0 = Release|Any CPU
		{207ABCEA-91AB-4F17-B5E9-C66C94FD60FE}.AppStore|iPhone.Deploy.0 = Release|Any CPU
		{207ABCEA-91AB-4F17-B5E9-C66C94FD60FE}.AppStore|iPhoneSimulator.ActiveCfg = Release|Any CPU
		{207ABCEA-91AB-4F17-B5E9-C66C94FD60FE}.AppStore|iPhoneSimulator.Build.0 = Release|Any CPU
		{207ABCEA-91AB-4F17-B5E9-C66C94FD60FE}.AppStore|iPhoneSimulator.Deploy.0 = Release|Any CPU
		{207ABCEA-91AB-4F17-B5E9-C66C94FD60FE}.AppStore|x64.ActiveCfg = Release|Any CPU
		{207ABCEA-91AB-4F17-B5E9-C66C94FD60FE}.AppStore|x64.Build.0 = Release|Any CPU
		{207ABCEA-91AB-4F17-B5E9-C66C94FD60FE}.AppStore|x64.Deploy.0 = Release|Any CPU
		{207ABCEA-91AB-4F17-B5E9-C66C94FD60FE}.AppStore|x86.ActiveCfg = Release|Any CPU
		{207ABCEA-91AB-4F17-B5E9-C66C94FD60FE}.AppStore|x86.Build.0 = Release|Any CPU
		{207ABCEA-91AB-4F17-B5E9-C66C94FD60FE}.AppStore|x86.Deploy.0 = Release|Any CPU
		{207ABCEA-91AB-4F17-B5E9-C66C94FD60FE}.Debug|Any CPU.ActiveCfg = Debug|Any CPU
		{207ABCEA-91AB-4F17-B5E9-C66C94FD60FE}.Debug|Any CPU.Build.0 = Debug|Any CPU
		{207ABCEA-91AB-4F17-B5E9-C66C94FD60FE}.Debug|Any CPU.Deploy.0 = Debug|Any CPU
		{207ABCEA-91AB-4F17-B5E9-C66C94FD60FE}.Debug|ARM.ActiveCfg = Debug|Any CPU
		{207ABCEA-91AB-4F17-B5E9-C66C94FD60FE}.Debug|ARM.Build.0 = Debug|Any CPU
		{207ABCEA-91AB-4F17-B5E9-C66C94FD60FE}.Debug|ARM.Deploy.0 = Debug|Any CPU
		{207ABCEA-91AB-4F17-B5E9-C66C94FD60FE}.Debug|iPhone.ActiveCfg = Debug|Any CPU
		{207ABCEA-91AB-4F17-B5E9-C66C94FD60FE}.Debug|iPhone.Build.0 = Debug|Any CPU
		{207ABCEA-91AB-4F17-B5E9-C66C94FD60FE}.Debug|iPhone.Deploy.0 = Debug|Any CPU
		{207ABCEA-91AB-4F17-B5E9-C66C94FD60FE}.Debug|iPhoneSimulator.ActiveCfg = Debug|Any CPU
		{207ABCEA-91AB-4F17-B5E9-C66C94FD60FE}.Debug|iPhoneSimulator.Build.0 = Debug|Any CPU
		{207ABCEA-91AB-4F17-B5E9-C66C94FD60FE}.Debug|iPhoneSimulator.Deploy.0 = Debug|Any CPU
		{207ABCEA-91AB-4F17-B5E9-C66C94FD60FE}.Debug|x64.ActiveCfg = Debug|Any CPU
		{207ABCEA-91AB-4F17-B5E9-C66C94FD60FE}.Debug|x64.Build.0 = Debug|Any CPU
		{207ABCEA-91AB-4F17-B5E9-C66C94FD60FE}.Debug|x64.Deploy.0 = Debug|Any CPU
		{207ABCEA-91AB-4F17-B5E9-C66C94FD60FE}.Debug|x86.ActiveCfg = Debug|Any CPU
		{207ABCEA-91AB-4F17-B5E9-C66C94FD60FE}.Debug|x86.Build.0 = Debug|Any CPU
		{207ABCEA-91AB-4F17-B5E9-C66C94FD60FE}.Debug|x86.Deploy.0 = Debug|Any CPU
		{207ABCEA-91AB-4F17-B5E9-C66C94FD60FE}.Release|Any CPU.ActiveCfg = Release|Any CPU
		{207ABCEA-91AB-4F17-B5E9-C66C94FD60FE}.Release|Any CPU.Build.0 = Release|Any CPU
		{207ABCEA-91AB-4F17-B5E9-C66C94FD60FE}.Release|Any CPU.Deploy.0 = Release|Any CPU
		{207ABCEA-91AB-4F17-B5E9-C66C94FD60FE}.Release|ARM.ActiveCfg = Release|Any CPU
		{207ABCEA-91AB-4F17-B5E9-C66C94FD60FE}.Release|ARM.Build.0 = Release|Any CPU
		{207ABCEA-91AB-4F17-B5E9-C66C94FD60FE}.Release|ARM.Deploy.0 = Release|Any CPU
		{207ABCEA-91AB-4F17-B5E9-C66C94FD60FE}.Release|iPhone.ActiveCfg = Release|Any CPU
		{207ABCEA-91AB-4F17-B5E9-C66C94FD60FE}.Release|iPhone.Build.0 = Release|Any CPU
		{207ABCEA-91AB-4F17-B5E9-C66C94FD60FE}.Release|iPhone.Deploy.0 = Release|Any CPU
		{207ABCEA-91AB-4F17-B5E9-C66C94FD60FE}.Release|iPhoneSimulator.ActiveCfg = Release|Any CPU
		{207ABCEA-91AB-4F17-B5E9-C66C94FD60FE}.Release|iPhoneSimulator.Build.0 = Release|Any CPU
		{207ABCEA-91AB-4F17-B5E9-C66C94FD60FE}.Release|iPhoneSimulator.Deploy.0 = Release|Any CPU
		{207ABCEA-91AB-4F17-B5E9-C66C94FD60FE}.Release|x64.ActiveCfg = Release|Any CPU
		{207ABCEA-91AB-4F17-B5E9-C66C94FD60FE}.Release|x64.Build.0 = Release|Any CPU
		{207ABCEA-91AB-4F17-B5E9-C66C94FD60FE}.Release|x64.Deploy.0 = Release|Any CPU
		{207ABCEA-91AB-4F17-B5E9-C66C94FD60FE}.Release|x86.ActiveCfg = Release|Any CPU
		{207ABCEA-91AB-4F17-B5E9-C66C94FD60FE}.Release|x86.Build.0 = Release|Any CPU
		{207ABCEA-91AB-4F17-B5E9-C66C94FD60FE}.Release|x86.Deploy.0 = Release|Any CPU
		{E033292C-1101-44F4-867D-083EF8DB215F}.Ad-Hoc|Any CPU.ActiveCfg = Release|Any CPU
		{E033292C-1101-44F4-867D-083EF8DB215F}.Ad-Hoc|Any CPU.Build.0 = Release|Any CPU
		{E033292C-1101-44F4-867D-083EF8DB215F}.Ad-Hoc|Any CPU.Deploy.0 = Release|Any CPU
		{E033292C-1101-44F4-867D-083EF8DB215F}.Ad-Hoc|ARM.ActiveCfg = Release|Any CPU
		{E033292C-1101-44F4-867D-083EF8DB215F}.Ad-Hoc|ARM.Build.0 = Release|Any CPU
		{E033292C-1101-44F4-867D-083EF8DB215F}.Ad-Hoc|ARM.Deploy.0 = Release|Any CPU
		{E033292C-1101-44F4-867D-083EF8DB215F}.Ad-Hoc|iPhone.ActiveCfg = Release|Any CPU
		{E033292C-1101-44F4-867D-083EF8DB215F}.Ad-Hoc|iPhone.Build.0 = Release|Any CPU
		{E033292C-1101-44F4-867D-083EF8DB215F}.Ad-Hoc|iPhone.Deploy.0 = Release|Any CPU
		{E033292C-1101-44F4-867D-083EF8DB215F}.Ad-Hoc|iPhoneSimulator.ActiveCfg = Release|Any CPU
		{E033292C-1101-44F4-867D-083EF8DB215F}.Ad-Hoc|iPhoneSimulator.Build.0 = Release|Any CPU
		{E033292C-1101-44F4-867D-083EF8DB215F}.Ad-Hoc|iPhoneSimulator.Deploy.0 = Release|Any CPU
		{E033292C-1101-44F4-867D-083EF8DB215F}.Ad-Hoc|x64.ActiveCfg = Release|Any CPU
		{E033292C-1101-44F4-867D-083EF8DB215F}.Ad-Hoc|x64.Build.0 = Release|Any CPU
		{E033292C-1101-44F4-867D-083EF8DB215F}.Ad-Hoc|x64.Deploy.0 = Release|Any CPU
		{E033292C-1101-44F4-867D-083EF8DB215F}.Ad-Hoc|x86.ActiveCfg = Release|Any CPU
		{E033292C-1101-44F4-867D-083EF8DB215F}.Ad-Hoc|x86.Build.0 = Release|Any CPU
		{E033292C-1101-44F4-867D-083EF8DB215F}.Ad-Hoc|x86.Deploy.0 = Release|Any CPU
		{E033292C-1101-44F4-867D-083EF8DB215F}.AppStore|Any CPU.ActiveCfg = Release|Any CPU
		{E033292C-1101-44F4-867D-083EF8DB215F}.AppStore|Any CPU.Build.0 = Release|Any CPU
		{E033292C-1101-44F4-867D-083EF8DB215F}.AppStore|Any CPU.Deploy.0 = Release|Any CPU
		{E033292C-1101-44F4-867D-083EF8DB215F}.AppStore|ARM.ActiveCfg = Release|Any CPU
		{E033292C-1101-44F4-867D-083EF8DB215F}.AppStore|ARM.Build.0 = Release|Any CPU
		{E033292C-1101-44F4-867D-083EF8DB215F}.AppStore|ARM.Deploy.0 = Release|Any CPU
		{E033292C-1101-44F4-867D-083EF8DB215F}.AppStore|iPhone.ActiveCfg = Release|Any CPU
		{E033292C-1101-44F4-867D-083EF8DB215F}.AppStore|iPhone.Build.0 = Release|Any CPU
		{E033292C-1101-44F4-867D-083EF8DB215F}.AppStore|iPhone.Deploy.0 = Release|Any CPU
		{E033292C-1101-44F4-867D-083EF8DB215F}.AppStore|iPhoneSimulator.ActiveCfg = Release|Any CPU
		{E033292C-1101-44F4-867D-083EF8DB215F}.AppStore|iPhoneSimulator.Build.0 = Release|Any CPU
		{E033292C-1101-44F4-867D-083EF8DB215F}.AppStore|iPhoneSimulator.Deploy.0 = Release|Any CPU
		{E033292C-1101-44F4-867D-083EF8DB215F}.AppStore|x64.ActiveCfg = Release|Any CPU
		{E033292C-1101-44F4-867D-083EF8DB215F}.AppStore|x64.Build.0 = Release|Any CPU
		{E033292C-1101-44F4-867D-083EF8DB215F}.AppStore|x64.Deploy.0 = Release|Any CPU
		{E033292C-1101-44F4-867D-083EF8DB215F}.AppStore|x86.ActiveCfg = Release|Any CPU
		{E033292C-1101-44F4-867D-083EF8DB215F}.AppStore|x86.Build.0 = Release|Any CPU
		{E033292C-1101-44F4-867D-083EF8DB215F}.AppStore|x86.Deploy.0 = Release|Any CPU
		{E033292C-1101-44F4-867D-083EF8DB215F}.Debug|Any CPU.ActiveCfg = Debug|Any CPU
		{E033292C-1101-44F4-867D-083EF8DB215F}.Debug|Any CPU.Build.0 = Debug|Any CPU
		{E033292C-1101-44F4-867D-083EF8DB215F}.Debug|Any CPU.Deploy.0 = Debug|Any CPU
		{E033292C-1101-44F4-867D-083EF8DB215F}.Debug|ARM.ActiveCfg = Debug|Any CPU
		{E033292C-1101-44F4-867D-083EF8DB215F}.Debug|ARM.Build.0 = Debug|Any CPU
		{E033292C-1101-44F4-867D-083EF8DB215F}.Debug|ARM.Deploy.0 = Debug|Any CPU
		{E033292C-1101-44F4-867D-083EF8DB215F}.Debug|iPhone.ActiveCfg = Debug|Any CPU
		{E033292C-1101-44F4-867D-083EF8DB215F}.Debug|iPhone.Build.0 = Debug|Any CPU
		{E033292C-1101-44F4-867D-083EF8DB215F}.Debug|iPhone.Deploy.0 = Debug|Any CPU
		{E033292C-1101-44F4-867D-083EF8DB215F}.Debug|iPhoneSimulator.ActiveCfg = Debug|Any CPU
		{E033292C-1101-44F4-867D-083EF8DB215F}.Debug|iPhoneSimulator.Build.0 = Debug|Any CPU
		{E033292C-1101-44F4-867D-083EF8DB215F}.Debug|iPhoneSimulator.Deploy.0 = Debug|Any CPU
		{E033292C-1101-44F4-867D-083EF8DB215F}.Debug|x64.ActiveCfg = Debug|Any CPU
		{E033292C-1101-44F4-867D-083EF8DB215F}.Debug|x64.Build.0 = Debug|Any CPU
		{E033292C-1101-44F4-867D-083EF8DB215F}.Debug|x64.Deploy.0 = Debug|Any CPU
		{E033292C-1101-44F4-867D-083EF8DB215F}.Debug|x86.ActiveCfg = Debug|Any CPU
		{E033292C-1101-44F4-867D-083EF8DB215F}.Debug|x86.Build.0 = Debug|Any CPU
		{E033292C-1101-44F4-867D-083EF8DB215F}.Debug|x86.Deploy.0 = Debug|Any CPU
		{E033292C-1101-44F4-867D-083EF8DB215F}.Release|Any CPU.ActiveCfg = Release|Any CPU
		{E033292C-1101-44F4-867D-083EF8DB215F}.Release|Any CPU.Build.0 = Release|Any CPU
		{E033292C-1101-44F4-867D-083EF8DB215F}.Release|Any CPU.Deploy.0 = Release|Any CPU
		{E033292C-1101-44F4-867D-083EF8DB215F}.Release|ARM.ActiveCfg = Release|Any CPU
		{E033292C-1101-44F4-867D-083EF8DB215F}.Release|ARM.Build.0 = Release|Any CPU
		{E033292C-1101-44F4-867D-083EF8DB215F}.Release|ARM.Deploy.0 = Release|Any CPU
		{E033292C-1101-44F4-867D-083EF8DB215F}.Release|iPhone.ActiveCfg = Release|Any CPU
		{E033292C-1101-44F4-867D-083EF8DB215F}.Release|iPhone.Build.0 = Release|Any CPU
		{E033292C-1101-44F4-867D-083EF8DB215F}.Release|iPhone.Deploy.0 = Release|Any CPU
		{E033292C-1101-44F4-867D-083EF8DB215F}.Release|iPhoneSimulator.ActiveCfg = Release|Any CPU
		{E033292C-1101-44F4-867D-083EF8DB215F}.Release|iPhoneSimulator.Build.0 = Release|Any CPU
		{E033292C-1101-44F4-867D-083EF8DB215F}.Release|iPhoneSimulator.Deploy.0 = Release|Any CPU
		{E033292C-1101-44F4-867D-083EF8DB215F}.Release|x64.ActiveCfg = Release|Any CPU
		{E033292C-1101-44F4-867D-083EF8DB215F}.Release|x64.Build.0 = Release|Any CPU
		{E033292C-1101-44F4-867D-083EF8DB215F}.Release|x64.Deploy.0 = Release|Any CPU
		{E033292C-1101-44F4-867D-083EF8DB215F}.Release|x86.ActiveCfg = Release|Any CPU
		{E033292C-1101-44F4-867D-083EF8DB215F}.Release|x86.Build.0 = Release|Any CPU
		{E033292C-1101-44F4-867D-083EF8DB215F}.Release|x86.Deploy.0 = Release|Any CPU
		{0393D583-541C-43B7-8693-ABD7B6548E6F}.Ad-Hoc|Any CPU.ActiveCfg = Release|Any CPU
		{0393D583-541C-43B7-8693-ABD7B6548E6F}.Ad-Hoc|Any CPU.Build.0 = Release|Any CPU
		{0393D583-541C-43B7-8693-ABD7B6548E6F}.Ad-Hoc|Any CPU.Deploy.0 = Release|Any CPU
		{0393D583-541C-43B7-8693-ABD7B6548E6F}.Ad-Hoc|ARM.ActiveCfg = Release|Any CPU
		{0393D583-541C-43B7-8693-ABD7B6548E6F}.Ad-Hoc|ARM.Build.0 = Release|Any CPU
		{0393D583-541C-43B7-8693-ABD7B6548E6F}.Ad-Hoc|ARM.Deploy.0 = Release|Any CPU
		{0393D583-541C-43B7-8693-ABD7B6548E6F}.Ad-Hoc|iPhone.ActiveCfg = Release|Any CPU
		{0393D583-541C-43B7-8693-ABD7B6548E6F}.Ad-Hoc|iPhone.Build.0 = Release|Any CPU
		{0393D583-541C-43B7-8693-ABD7B6548E6F}.Ad-Hoc|iPhone.Deploy.0 = Release|Any CPU
		{0393D583-541C-43B7-8693-ABD7B6548E6F}.Ad-Hoc|iPhoneSimulator.ActiveCfg = Release|Any CPU
		{0393D583-541C-43B7-8693-ABD7B6548E6F}.Ad-Hoc|iPhoneSimulator.Build.0 = Release|Any CPU
		{0393D583-541C-43B7-8693-ABD7B6548E6F}.Ad-Hoc|iPhoneSimulator.Deploy.0 = Release|Any CPU
		{0393D583-541C-43B7-8693-ABD7B6548E6F}.Ad-Hoc|x64.ActiveCfg = Release|Any CPU
		{0393D583-541C-43B7-8693-ABD7B6548E6F}.Ad-Hoc|x64.Build.0 = Release|Any CPU
		{0393D583-541C-43B7-8693-ABD7B6548E6F}.Ad-Hoc|x64.Deploy.0 = Release|Any CPU
		{0393D583-541C-43B7-8693-ABD7B6548E6F}.Ad-Hoc|x86.ActiveCfg = Release|Any CPU
		{0393D583-541C-43B7-8693-ABD7B6548E6F}.Ad-Hoc|x86.Build.0 = Release|Any CPU
		{0393D583-541C-43B7-8693-ABD7B6548E6F}.Ad-Hoc|x86.Deploy.0 = Release|Any CPU
		{0393D583-541C-43B7-8693-ABD7B6548E6F}.AppStore|Any CPU.ActiveCfg = Release|Any CPU
		{0393D583-541C-43B7-8693-ABD7B6548E6F}.AppStore|Any CPU.Build.0 = Release|Any CPU
		{0393D583-541C-43B7-8693-ABD7B6548E6F}.AppStore|Any CPU.Deploy.0 = Release|Any CPU
		{0393D583-541C-43B7-8693-ABD7B6548E6F}.AppStore|ARM.ActiveCfg = Release|Any CPU
		{0393D583-541C-43B7-8693-ABD7B6548E6F}.AppStore|ARM.Build.0 = Release|Any CPU
		{0393D583-541C-43B7-8693-ABD7B6548E6F}.AppStore|ARM.Deploy.0 = Release|Any CPU
		{0393D583-541C-43B7-8693-ABD7B6548E6F}.AppStore|iPhone.ActiveCfg = Release|Any CPU
		{0393D583-541C-43B7-8693-ABD7B6548E6F}.AppStore|iPhone.Build.0 = Release|Any CPU
		{0393D583-541C-43B7-8693-ABD7B6548E6F}.AppStore|iPhone.Deploy.0 = Release|Any CPU
		{0393D583-541C-43B7-8693-ABD7B6548E6F}.AppStore|iPhoneSimulator.ActiveCfg = Release|Any CPU
		{0393D583-541C-43B7-8693-ABD7B6548E6F}.AppStore|iPhoneSimulator.Build.0 = Release|Any CPU
		{0393D583-541C-43B7-8693-ABD7B6548E6F}.AppStore|iPhoneSimulator.Deploy.0 = Release|Any CPU
		{0393D583-541C-43B7-8693-ABD7B6548E6F}.AppStore|x64.ActiveCfg = Release|Any CPU
		{0393D583-541C-43B7-8693-ABD7B6548E6F}.AppStore|x64.Build.0 = Release|Any CPU
		{0393D583-541C-43B7-8693-ABD7B6548E6F}.AppStore|x64.Deploy.0 = Release|Any CPU
		{0393D583-541C-43B7-8693-ABD7B6548E6F}.AppStore|x86.ActiveCfg = Release|Any CPU
		{0393D583-541C-43B7-8693-ABD7B6548E6F}.AppStore|x86.Build.0 = Release|Any CPU
		{0393D583-541C-43B7-8693-ABD7B6548E6F}.AppStore|x86.Deploy.0 = Release|Any CPU
		{0393D583-541C-43B7-8693-ABD7B6548E6F}.Debug|Any CPU.ActiveCfg = Debug|Any CPU
		{0393D583-541C-43B7-8693-ABD7B6548E6F}.Debug|Any CPU.Build.0 = Debug|Any CPU
		{0393D583-541C-43B7-8693-ABD7B6548E6F}.Debug|Any CPU.Deploy.0 = Debug|Any CPU
		{0393D583-541C-43B7-8693-ABD7B6548E6F}.Debug|ARM.ActiveCfg = Debug|Any CPU
		{0393D583-541C-43B7-8693-ABD7B6548E6F}.Debug|ARM.Build.0 = Debug|Any CPU
		{0393D583-541C-43B7-8693-ABD7B6548E6F}.Debug|ARM.Deploy.0 = Debug|Any CPU
		{0393D583-541C-43B7-8693-ABD7B6548E6F}.Debug|iPhone.ActiveCfg = Debug|Any CPU
		{0393D583-541C-43B7-8693-ABD7B6548E6F}.Debug|iPhone.Build.0 = Debug|Any CPU
		{0393D583-541C-43B7-8693-ABD7B6548E6F}.Debug|iPhone.Deploy.0 = Debug|Any CPU
		{0393D583-541C-43B7-8693-ABD7B6548E6F}.Debug|iPhoneSimulator.ActiveCfg = Debug|Any CPU
		{0393D583-541C-43B7-8693-ABD7B6548E6F}.Debug|iPhoneSimulator.Build.0 = Debug|Any CPU
		{0393D583-541C-43B7-8693-ABD7B6548E6F}.Debug|iPhoneSimulator.Deploy.0 = Debug|Any CPU
		{0393D583-541C-43B7-8693-ABD7B6548E6F}.Debug|x64.ActiveCfg = Debug|Any CPU
		{0393D583-541C-43B7-8693-ABD7B6548E6F}.Debug|x64.Build.0 = Debug|Any CPU
		{0393D583-541C-43B7-8693-ABD7B6548E6F}.Debug|x64.Deploy.0 = Debug|Any CPU
		{0393D583-541C-43B7-8693-ABD7B6548E6F}.Debug|x86.ActiveCfg = Debug|Any CPU
		{0393D583-541C-43B7-8693-ABD7B6548E6F}.Debug|x86.Build.0 = Debug|Any CPU
		{0393D583-541C-43B7-8693-ABD7B6548E6F}.Debug|x86.Deploy.0 = Debug|Any CPU
		{0393D583-541C-43B7-8693-ABD7B6548E6F}.Release|Any CPU.ActiveCfg = Release|Any CPU
		{0393D583-541C-43B7-8693-ABD7B6548E6F}.Release|Any CPU.Build.0 = Release|Any CPU
		{0393D583-541C-43B7-8693-ABD7B6548E6F}.Release|Any CPU.Deploy.0 = Release|Any CPU
		{0393D583-541C-43B7-8693-ABD7B6548E6F}.Release|ARM.ActiveCfg = Release|Any CPU
		{0393D583-541C-43B7-8693-ABD7B6548E6F}.Release|ARM.Build.0 = Release|Any CPU
		{0393D583-541C-43B7-8693-ABD7B6548E6F}.Release|ARM.Deploy.0 = Release|Any CPU
		{0393D583-541C-43B7-8693-ABD7B6548E6F}.Release|iPhone.ActiveCfg = Release|Any CPU
		{0393D583-541C-43B7-8693-ABD7B6548E6F}.Release|iPhone.Build.0 = Release|Any CPU
		{0393D583-541C-43B7-8693-ABD7B6548E6F}.Release|iPhone.Deploy.0 = Release|Any CPU
		{0393D583-541C-43B7-8693-ABD7B6548E6F}.Release|iPhoneSimulator.ActiveCfg = Release|Any CPU
		{0393D583-541C-43B7-8693-ABD7B6548E6F}.Release|iPhoneSimulator.Build.0 = Release|Any CPU
		{0393D583-541C-43B7-8693-ABD7B6548E6F}.Release|iPhoneSimulator.Deploy.0 = Release|Any CPU
		{0393D583-541C-43B7-8693-ABD7B6548E6F}.Release|x64.ActiveCfg = Release|Any CPU
		{0393D583-541C-43B7-8693-ABD7B6548E6F}.Release|x64.Build.0 = Release|Any CPU
		{0393D583-541C-43B7-8693-ABD7B6548E6F}.Release|x64.Deploy.0 = Release|Any CPU
		{0393D583-541C-43B7-8693-ABD7B6548E6F}.Release|x86.ActiveCfg = Release|Any CPU
		{0393D583-541C-43B7-8693-ABD7B6548E6F}.Release|x86.Build.0 = Release|Any CPU
		{0393D583-541C-43B7-8693-ABD7B6548E6F}.Release|x86.Deploy.0 = Release|Any CPU
		{2543F91E-9C19-44E1-BC38-2FC848A35211}.Ad-Hoc|Any CPU.ActiveCfg = Release|Any CPU
		{2543F91E-9C19-44E1-BC38-2FC848A35211}.Ad-Hoc|Any CPU.Build.0 = Release|Any CPU
		{2543F91E-9C19-44E1-BC38-2FC848A35211}.Ad-Hoc|Any CPU.Deploy.0 = Release|Any CPU
		{2543F91E-9C19-44E1-BC38-2FC848A35211}.Ad-Hoc|ARM.ActiveCfg = Release|Any CPU
		{2543F91E-9C19-44E1-BC38-2FC848A35211}.Ad-Hoc|ARM.Build.0 = Release|Any CPU
		{2543F91E-9C19-44E1-BC38-2FC848A35211}.Ad-Hoc|ARM.Deploy.0 = Release|Any CPU
		{2543F91E-9C19-44E1-BC38-2FC848A35211}.Ad-Hoc|iPhone.ActiveCfg = Release|Any CPU
		{2543F91E-9C19-44E1-BC38-2FC848A35211}.Ad-Hoc|iPhone.Build.0 = Release|Any CPU
		{2543F91E-9C19-44E1-BC38-2FC848A35211}.Ad-Hoc|iPhone.Deploy.0 = Release|Any CPU
		{2543F91E-9C19-44E1-BC38-2FC848A35211}.Ad-Hoc|iPhoneSimulator.ActiveCfg = Release|Any CPU
		{2543F91E-9C19-44E1-BC38-2FC848A35211}.Ad-Hoc|iPhoneSimulator.Build.0 = Release|Any CPU
		{2543F91E-9C19-44E1-BC38-2FC848A35211}.Ad-Hoc|iPhoneSimulator.Deploy.0 = Release|Any CPU
		{2543F91E-9C19-44E1-BC38-2FC848A35211}.Ad-Hoc|x64.ActiveCfg = Release|Any CPU
		{2543F91E-9C19-44E1-BC38-2FC848A35211}.Ad-Hoc|x64.Build.0 = Release|Any CPU
		{2543F91E-9C19-44E1-BC38-2FC848A35211}.Ad-Hoc|x64.Deploy.0 = Release|Any CPU
		{2543F91E-9C19-44E1-BC38-2FC848A35211}.Ad-Hoc|x86.ActiveCfg = Release|Any CPU
		{2543F91E-9C19-44E1-BC38-2FC848A35211}.Ad-Hoc|x86.Build.0 = Release|Any CPU
		{2543F91E-9C19-44E1-BC38-2FC848A35211}.Ad-Hoc|x86.Deploy.0 = Release|Any CPU
		{2543F91E-9C19-44E1-BC38-2FC848A35211}.AppStore|Any CPU.ActiveCfg = Release|Any CPU
		{2543F91E-9C19-44E1-BC38-2FC848A35211}.AppStore|Any CPU.Build.0 = Release|Any CPU
		{2543F91E-9C19-44E1-BC38-2FC848A35211}.AppStore|Any CPU.Deploy.0 = Release|Any CPU
		{2543F91E-9C19-44E1-BC38-2FC848A35211}.AppStore|ARM.ActiveCfg = Release|Any CPU
		{2543F91E-9C19-44E1-BC38-2FC848A35211}.AppStore|ARM.Build.0 = Release|Any CPU
		{2543F91E-9C19-44E1-BC38-2FC848A35211}.AppStore|ARM.Deploy.0 = Release|Any CPU
		{2543F91E-9C19-44E1-BC38-2FC848A35211}.AppStore|iPhone.ActiveCfg = Release|Any CPU
		{2543F91E-9C19-44E1-BC38-2FC848A35211}.AppStore|iPhone.Build.0 = Release|Any CPU
		{2543F91E-9C19-44E1-BC38-2FC848A35211}.AppStore|iPhone.Deploy.0 = Release|Any CPU
		{2543F91E-9C19-44E1-BC38-2FC848A35211}.AppStore|iPhoneSimulator.ActiveCfg = Release|Any CPU
		{2543F91E-9C19-44E1-BC38-2FC848A35211}.AppStore|iPhoneSimulator.Build.0 = Release|Any CPU
		{2543F91E-9C19-44E1-BC38-2FC848A35211}.AppStore|iPhoneSimulator.Deploy.0 = Release|Any CPU
		{2543F91E-9C19-44E1-BC38-2FC848A35211}.AppStore|x64.ActiveCfg = Release|Any CPU
		{2543F91E-9C19-44E1-BC38-2FC848A35211}.AppStore|x64.Build.0 = Release|Any CPU
		{2543F91E-9C19-44E1-BC38-2FC848A35211}.AppStore|x64.Deploy.0 = Release|Any CPU
		{2543F91E-9C19-44E1-BC38-2FC848A35211}.AppStore|x86.ActiveCfg = Release|Any CPU
		{2543F91E-9C19-44E1-BC38-2FC848A35211}.AppStore|x86.Build.0 = Release|Any CPU
		{2543F91E-9C19-44E1-BC38-2FC848A35211}.AppStore|x86.Deploy.0 = Release|Any CPU
		{2543F91E-9C19-44E1-BC38-2FC848A35211}.Debug|Any CPU.ActiveCfg = Debug|Any CPU
		{2543F91E-9C19-44E1-BC38-2FC848A35211}.Debug|Any CPU.Build.0 = Debug|Any CPU
		{2543F91E-9C19-44E1-BC38-2FC848A35211}.Debug|Any CPU.Deploy.0 = Debug|Any CPU
		{2543F91E-9C19-44E1-BC38-2FC848A35211}.Debug|ARM.ActiveCfg = Debug|Any CPU
		{2543F91E-9C19-44E1-BC38-2FC848A35211}.Debug|ARM.Build.0 = Debug|Any CPU
		{2543F91E-9C19-44E1-BC38-2FC848A35211}.Debug|ARM.Deploy.0 = Debug|Any CPU
		{2543F91E-9C19-44E1-BC38-2FC848A35211}.Debug|iPhone.ActiveCfg = Debug|Any CPU
		{2543F91E-9C19-44E1-BC38-2FC848A35211}.Debug|iPhone.Build.0 = Debug|Any CPU
		{2543F91E-9C19-44E1-BC38-2FC848A35211}.Debug|iPhone.Deploy.0 = Debug|Any CPU
		{2543F91E-9C19-44E1-BC38-2FC848A35211}.Debug|iPhoneSimulator.ActiveCfg = Debug|Any CPU
		{2543F91E-9C19-44E1-BC38-2FC848A35211}.Debug|iPhoneSimulator.Build.0 = Debug|Any CPU
		{2543F91E-9C19-44E1-BC38-2FC848A35211}.Debug|iPhoneSimulator.Deploy.0 = Debug|Any CPU
		{2543F91E-9C19-44E1-BC38-2FC848A35211}.Debug|x64.ActiveCfg = Debug|Any CPU
		{2543F91E-9C19-44E1-BC38-2FC848A35211}.Debug|x64.Build.0 = Debug|Any CPU
		{2543F91E-9C19-44E1-BC38-2FC848A35211}.Debug|x64.Deploy.0 = Debug|Any CPU
		{2543F91E-9C19-44E1-BC38-2FC848A35211}.Debug|x86.ActiveCfg = Debug|Any CPU
		{2543F91E-9C19-44E1-BC38-2FC848A35211}.Debug|x86.Build.0 = Debug|Any CPU
		{2543F91E-9C19-44E1-BC38-2FC848A35211}.Debug|x86.Deploy.0 = Debug|Any CPU
		{2543F91E-9C19-44E1-BC38-2FC848A35211}.Release|Any CPU.ActiveCfg = Release|Any CPU
		{2543F91E-9C19-44E1-BC38-2FC848A35211}.Release|Any CPU.Build.0 = Release|Any CPU
		{2543F91E-9C19-44E1-BC38-2FC848A35211}.Release|Any CPU.Deploy.0 = Release|Any CPU
		{2543F91E-9C19-44E1-BC38-2FC848A35211}.Release|ARM.ActiveCfg = Release|Any CPU
		{2543F91E-9C19-44E1-BC38-2FC848A35211}.Release|ARM.Build.0 = Release|Any CPU
		{2543F91E-9C19-44E1-BC38-2FC848A35211}.Release|ARM.Deploy.0 = Release|Any CPU
		{2543F91E-9C19-44E1-BC38-2FC848A35211}.Release|iPhone.ActiveCfg = Release|Any CPU
		{2543F91E-9C19-44E1-BC38-2FC848A35211}.Release|iPhone.Build.0 = Release|Any CPU
		{2543F91E-9C19-44E1-BC38-2FC848A35211}.Release|iPhone.Deploy.0 = Release|Any CPU
		{2543F91E-9C19-44E1-BC38-2FC848A35211}.Release|iPhoneSimulator.ActiveCfg = Release|Any CPU
		{2543F91E-9C19-44E1-BC38-2FC848A35211}.Release|iPhoneSimulator.Build.0 = Release|Any CPU
		{2543F91E-9C19-44E1-BC38-2FC848A35211}.Release|iPhoneSimulator.Deploy.0 = Release|Any CPU
		{2543F91E-9C19-44E1-BC38-2FC848A35211}.Release|x64.ActiveCfg = Release|Any CPU
		{2543F91E-9C19-44E1-BC38-2FC848A35211}.Release|x64.Build.0 = Release|Any CPU
		{2543F91E-9C19-44E1-BC38-2FC848A35211}.Release|x64.Deploy.0 = Release|Any CPU
		{2543F91E-9C19-44E1-BC38-2FC848A35211}.Release|x86.ActiveCfg = Release|Any CPU
		{2543F91E-9C19-44E1-BC38-2FC848A35211}.Release|x86.Build.0 = Release|Any CPU
		{2543F91E-9C19-44E1-BC38-2FC848A35211}.Release|x86.Deploy.0 = Release|Any CPU
		{38EB65AA-0F27-46A5-BBAD-355EA85F3DA5}.Ad-Hoc|Any CPU.ActiveCfg = Ad-Hoc|iPhone
		{38EB65AA-0F27-46A5-BBAD-355EA85F3DA5}.Ad-Hoc|ARM.ActiveCfg = Ad-Hoc|iPhone
		{38EB65AA-0F27-46A5-BBAD-355EA85F3DA5}.Ad-Hoc|iPhone.ActiveCfg = Ad-Hoc|iPhone
		{38EB65AA-0F27-46A5-BBAD-355EA85F3DA5}.Ad-Hoc|iPhone.Build.0 = Ad-Hoc|iPhone
		{38EB65AA-0F27-46A5-BBAD-355EA85F3DA5}.Ad-Hoc|iPhoneSimulator.ActiveCfg = Ad-Hoc|iPhoneSimulator
		{38EB65AA-0F27-46A5-BBAD-355EA85F3DA5}.Ad-Hoc|iPhoneSimulator.Build.0 = Ad-Hoc|iPhoneSimulator
		{38EB65AA-0F27-46A5-BBAD-355EA85F3DA5}.Ad-Hoc|x64.ActiveCfg = Ad-Hoc|iPhone
		{38EB65AA-0F27-46A5-BBAD-355EA85F3DA5}.Ad-Hoc|x86.ActiveCfg = Ad-Hoc|iPhone
		{38EB65AA-0F27-46A5-BBAD-355EA85F3DA5}.AppStore|Any CPU.ActiveCfg = AppStore|iPhone
		{38EB65AA-0F27-46A5-BBAD-355EA85F3DA5}.AppStore|ARM.ActiveCfg = AppStore|iPhone
		{38EB65AA-0F27-46A5-BBAD-355EA85F3DA5}.AppStore|iPhone.ActiveCfg = AppStore|iPhone
		{38EB65AA-0F27-46A5-BBAD-355EA85F3DA5}.AppStore|iPhone.Build.0 = AppStore|iPhone
		{38EB65AA-0F27-46A5-BBAD-355EA85F3DA5}.AppStore|iPhoneSimulator.ActiveCfg = AppStore|iPhoneSimulator
		{38EB65AA-0F27-46A5-BBAD-355EA85F3DA5}.AppStore|iPhoneSimulator.Build.0 = AppStore|iPhoneSimulator
		{38EB65AA-0F27-46A5-BBAD-355EA85F3DA5}.AppStore|x64.ActiveCfg = AppStore|iPhone
		{38EB65AA-0F27-46A5-BBAD-355EA85F3DA5}.AppStore|x86.ActiveCfg = AppStore|iPhone
		{38EB65AA-0F27-46A5-BBAD-355EA85F3DA5}.Debug|Any CPU.ActiveCfg = Debug|iPhone
		{38EB65AA-0F27-46A5-BBAD-355EA85F3DA5}.Debug|ARM.ActiveCfg = Debug|iPhone
		{38EB65AA-0F27-46A5-BBAD-355EA85F3DA5}.Debug|iPhone.ActiveCfg = Debug|iPhone
		{38EB65AA-0F27-46A5-BBAD-355EA85F3DA5}.Debug|iPhone.Build.0 = Debug|iPhone
		{38EB65AA-0F27-46A5-BBAD-355EA85F3DA5}.Debug|iPhoneSimulator.ActiveCfg = Debug|iPhoneSimulator
		{38EB65AA-0F27-46A5-BBAD-355EA85F3DA5}.Debug|iPhoneSimulator.Build.0 = Debug|iPhoneSimulator
		{38EB65AA-0F27-46A5-BBAD-355EA85F3DA5}.Debug|x64.ActiveCfg = Debug|iPhone
		{38EB65AA-0F27-46A5-BBAD-355EA85F3DA5}.Debug|x86.ActiveCfg = Debug|iPhone
		{38EB65AA-0F27-46A5-BBAD-355EA85F3DA5}.Release|Any CPU.ActiveCfg = Release|iPhone
		{38EB65AA-0F27-46A5-BBAD-355EA85F3DA5}.Release|ARM.ActiveCfg = Release|iPhone
		{38EB65AA-0F27-46A5-BBAD-355EA85F3DA5}.Release|iPhone.ActiveCfg = Release|iPhone
		{38EB65AA-0F27-46A5-BBAD-355EA85F3DA5}.Release|iPhone.Build.0 = Release|iPhone
		{38EB65AA-0F27-46A5-BBAD-355EA85F3DA5}.Release|iPhoneSimulator.ActiveCfg = Release|iPhoneSimulator
		{38EB65AA-0F27-46A5-BBAD-355EA85F3DA5}.Release|iPhoneSimulator.Build.0 = Release|iPhoneSimulator
		{38EB65AA-0F27-46A5-BBAD-355EA85F3DA5}.Release|x64.ActiveCfg = Release|iPhone
		{38EB65AA-0F27-46A5-BBAD-355EA85F3DA5}.Release|x86.ActiveCfg = Release|iPhone
		{C389D123-BCEC-45EA-B392-E525FB741051}.Ad-Hoc|Any CPU.ActiveCfg = Release|Any CPU
		{C389D123-BCEC-45EA-B392-E525FB741051}.Ad-Hoc|Any CPU.Build.0 = Release|Any CPU
		{C389D123-BCEC-45EA-B392-E525FB741051}.Ad-Hoc|Any CPU.Deploy.0 = Release|Any CPU
		{C389D123-BCEC-45EA-B392-E525FB741051}.Ad-Hoc|ARM.ActiveCfg = Release|ARM
		{C389D123-BCEC-45EA-B392-E525FB741051}.Ad-Hoc|ARM.Build.0 = Release|ARM
		{C389D123-BCEC-45EA-B392-E525FB741051}.Ad-Hoc|ARM.Deploy.0 = Release|ARM
		{C389D123-BCEC-45EA-B392-E525FB741051}.Ad-Hoc|iPhone.ActiveCfg = Release|Any CPU
		{C389D123-BCEC-45EA-B392-E525FB741051}.Ad-Hoc|iPhone.Build.0 = Release|Any CPU
		{C389D123-BCEC-45EA-B392-E525FB741051}.Ad-Hoc|iPhone.Deploy.0 = Release|Any CPU
		{C389D123-BCEC-45EA-B392-E525FB741051}.Ad-Hoc|iPhoneSimulator.ActiveCfg = Release|Any CPU
		{C389D123-BCEC-45EA-B392-E525FB741051}.Ad-Hoc|iPhoneSimulator.Build.0 = Release|Any CPU
		{C389D123-BCEC-45EA-B392-E525FB741051}.Ad-Hoc|iPhoneSimulator.Deploy.0 = Release|Any CPU
		{C389D123-BCEC-45EA-B392-E525FB741051}.Ad-Hoc|x64.ActiveCfg = Release|Any CPU
		{C389D123-BCEC-45EA-B392-E525FB741051}.Ad-Hoc|x64.Build.0 = Release|Any CPU
		{C389D123-BCEC-45EA-B392-E525FB741051}.Ad-Hoc|x64.Deploy.0 = Release|Any CPU
		{C389D123-BCEC-45EA-B392-E525FB741051}.Ad-Hoc|x86.ActiveCfg = Release|x86
		{C389D123-BCEC-45EA-B392-E525FB741051}.Ad-Hoc|x86.Build.0 = Release|x86
		{C389D123-BCEC-45EA-B392-E525FB741051}.Ad-Hoc|x86.Deploy.0 = Release|x86
		{C389D123-BCEC-45EA-B392-E525FB741051}.AppStore|Any CPU.ActiveCfg = Release|Any CPU
		{C389D123-BCEC-45EA-B392-E525FB741051}.AppStore|Any CPU.Build.0 = Release|Any CPU
		{C389D123-BCEC-45EA-B392-E525FB741051}.AppStore|Any CPU.Deploy.0 = Release|Any CPU
		{C389D123-BCEC-45EA-B392-E525FB741051}.AppStore|ARM.ActiveCfg = Release|ARM
		{C389D123-BCEC-45EA-B392-E525FB741051}.AppStore|ARM.Build.0 = Release|ARM
		{C389D123-BCEC-45EA-B392-E525FB741051}.AppStore|ARM.Deploy.0 = Release|ARM
		{C389D123-BCEC-45EA-B392-E525FB741051}.AppStore|iPhone.ActiveCfg = Release|Any CPU
		{C389D123-BCEC-45EA-B392-E525FB741051}.AppStore|iPhone.Build.0 = Release|Any CPU
		{C389D123-BCEC-45EA-B392-E525FB741051}.AppStore|iPhone.Deploy.0 = Release|Any CPU
		{C389D123-BCEC-45EA-B392-E525FB741051}.AppStore|iPhoneSimulator.ActiveCfg = Release|Any CPU
		{C389D123-BCEC-45EA-B392-E525FB741051}.AppStore|iPhoneSimulator.Build.0 = Release|Any CPU
		{C389D123-BCEC-45EA-B392-E525FB741051}.AppStore|iPhoneSimulator.Deploy.0 = Release|Any CPU
		{C389D123-BCEC-45EA-B392-E525FB741051}.AppStore|x64.ActiveCfg = Release|Any CPU
		{C389D123-BCEC-45EA-B392-E525FB741051}.AppStore|x64.Build.0 = Release|Any CPU
		{C389D123-BCEC-45EA-B392-E525FB741051}.AppStore|x64.Deploy.0 = Release|Any CPU
		{C389D123-BCEC-45EA-B392-E525FB741051}.AppStore|x86.ActiveCfg = Release|x86
		{C389D123-BCEC-45EA-B392-E525FB741051}.AppStore|x86.Build.0 = Release|x86
		{C389D123-BCEC-45EA-B392-E525FB741051}.AppStore|x86.Deploy.0 = Release|x86
		{C389D123-BCEC-45EA-B392-E525FB741051}.Debug|Any CPU.ActiveCfg = Debug|Any CPU
		{C389D123-BCEC-45EA-B392-E525FB741051}.Debug|Any CPU.Build.0 = Debug|Any CPU
		{C389D123-BCEC-45EA-B392-E525FB741051}.Debug|Any CPU.Deploy.0 = Debug|Any CPU
		{C389D123-BCEC-45EA-B392-E525FB741051}.Debug|ARM.ActiveCfg = Debug|ARM
		{C389D123-BCEC-45EA-B392-E525FB741051}.Debug|ARM.Build.0 = Debug|ARM
		{C389D123-BCEC-45EA-B392-E525FB741051}.Debug|ARM.Deploy.0 = Debug|ARM
		{C389D123-BCEC-45EA-B392-E525FB741051}.Debug|iPhone.ActiveCfg = Debug|Any CPU
		{C389D123-BCEC-45EA-B392-E525FB741051}.Debug|iPhone.Build.0 = Debug|Any CPU
		{C389D123-BCEC-45EA-B392-E525FB741051}.Debug|iPhone.Deploy.0 = Debug|Any CPU
		{C389D123-BCEC-45EA-B392-E525FB741051}.Debug|iPhoneSimulator.ActiveCfg = Debug|Any CPU
		{C389D123-BCEC-45EA-B392-E525FB741051}.Debug|iPhoneSimulator.Build.0 = Debug|Any CPU
		{C389D123-BCEC-45EA-B392-E525FB741051}.Debug|iPhoneSimulator.Deploy.0 = Debug|Any CPU
		{C389D123-BCEC-45EA-B392-E525FB741051}.Debug|x64.ActiveCfg = Debug|Any CPU
		{C389D123-BCEC-45EA-B392-E525FB741051}.Debug|x64.Build.0 = Debug|Any CPU
		{C389D123-BCEC-45EA-B392-E525FB741051}.Debug|x64.Deploy.0 = Debug|Any CPU
		{C389D123-BCEC-45EA-B392-E525FB741051}.Debug|x86.ActiveCfg = Debug|x86
		{C389D123-BCEC-45EA-B392-E525FB741051}.Debug|x86.Build.0 = Debug|x86
		{C389D123-BCEC-45EA-B392-E525FB741051}.Debug|x86.Deploy.0 = Debug|x86
		{C389D123-BCEC-45EA-B392-E525FB741051}.Release|Any CPU.ActiveCfg = Release|Any CPU
		{C389D123-BCEC-45EA-B392-E525FB741051}.Release|Any CPU.Build.0 = Release|Any CPU
		{C389D123-BCEC-45EA-B392-E525FB741051}.Release|Any CPU.Deploy.0 = Release|Any CPU
		{C389D123-BCEC-45EA-B392-E525FB741051}.Release|ARM.ActiveCfg = Release|ARM
		{C389D123-BCEC-45EA-B392-E525FB741051}.Release|ARM.Build.0 = Release|ARM
		{C389D123-BCEC-45EA-B392-E525FB741051}.Release|ARM.Deploy.0 = Release|ARM
		{C389D123-BCEC-45EA-B392-E525FB741051}.Release|iPhone.ActiveCfg = Release|Any CPU
		{C389D123-BCEC-45EA-B392-E525FB741051}.Release|iPhone.Build.0 = Release|Any CPU
		{C389D123-BCEC-45EA-B392-E525FB741051}.Release|iPhone.Deploy.0 = Release|Any CPU
		{C389D123-BCEC-45EA-B392-E525FB741051}.Release|iPhoneSimulator.ActiveCfg = Release|Any CPU
		{C389D123-BCEC-45EA-B392-E525FB741051}.Release|iPhoneSimulator.Build.0 = Release|Any CPU
		{C389D123-BCEC-45EA-B392-E525FB741051}.Release|iPhoneSimulator.Deploy.0 = Release|Any CPU
		{C389D123-BCEC-45EA-B392-E525FB741051}.Release|x64.ActiveCfg = Release|Any CPU
		{C389D123-BCEC-45EA-B392-E525FB741051}.Release|x64.Build.0 = Release|Any CPU
		{C389D123-BCEC-45EA-B392-E525FB741051}.Release|x64.Deploy.0 = Release|Any CPU
		{C389D123-BCEC-45EA-B392-E525FB741051}.Release|x86.ActiveCfg = Release|x86
		{C389D123-BCEC-45EA-B392-E525FB741051}.Release|x86.Build.0 = Release|x86
		{C389D123-BCEC-45EA-B392-E525FB741051}.Release|x86.Deploy.0 = Release|x86
		{317637DB-D6C3-470D-B6AB-987C6BCCE479}.Ad-Hoc|Any CPU.ActiveCfg = Release|x86
		{317637DB-D6C3-470D-B6AB-987C6BCCE479}.Ad-Hoc|Any CPU.Build.0 = Release|x86
		{317637DB-D6C3-470D-B6AB-987C6BCCE479}.Ad-Hoc|Any CPU.Deploy.0 = Release|x86
		{317637DB-D6C3-470D-B6AB-987C6BCCE479}.Ad-Hoc|ARM.ActiveCfg = Release|ARM
		{317637DB-D6C3-470D-B6AB-987C6BCCE479}.Ad-Hoc|ARM.Build.0 = Release|ARM
		{317637DB-D6C3-470D-B6AB-987C6BCCE479}.Ad-Hoc|ARM.Deploy.0 = Release|ARM
		{317637DB-D6C3-470D-B6AB-987C6BCCE479}.Ad-Hoc|iPhone.ActiveCfg = Release|x86
		{317637DB-D6C3-470D-B6AB-987C6BCCE479}.Ad-Hoc|iPhone.Build.0 = Release|x86
		{317637DB-D6C3-470D-B6AB-987C6BCCE479}.Ad-Hoc|iPhone.Deploy.0 = Release|x86
		{317637DB-D6C3-470D-B6AB-987C6BCCE479}.Ad-Hoc|iPhoneSimulator.ActiveCfg = Release|x86
		{317637DB-D6C3-470D-B6AB-987C6BCCE479}.Ad-Hoc|iPhoneSimulator.Build.0 = Release|x86
		{317637DB-D6C3-470D-B6AB-987C6BCCE479}.Ad-Hoc|iPhoneSimulator.Deploy.0 = Release|x86
		{317637DB-D6C3-470D-B6AB-987C6BCCE479}.Ad-Hoc|x64.ActiveCfg = Release|x64
		{317637DB-D6C3-470D-B6AB-987C6BCCE479}.Ad-Hoc|x64.Build.0 = Release|x64
		{317637DB-D6C3-470D-B6AB-987C6BCCE479}.Ad-Hoc|x64.Deploy.0 = Release|x64
		{317637DB-D6C3-470D-B6AB-987C6BCCE479}.Ad-Hoc|x86.ActiveCfg = Release|x86
		{317637DB-D6C3-470D-B6AB-987C6BCCE479}.Ad-Hoc|x86.Build.0 = Release|x86
		{317637DB-D6C3-470D-B6AB-987C6BCCE479}.Ad-Hoc|x86.Deploy.0 = Release|x86
		{317637DB-D6C3-470D-B6AB-987C6BCCE479}.AppStore|Any CPU.ActiveCfg = Release|x86
		{317637DB-D6C3-470D-B6AB-987C6BCCE479}.AppStore|Any CPU.Build.0 = Release|x86
		{317637DB-D6C3-470D-B6AB-987C6BCCE479}.AppStore|Any CPU.Deploy.0 = Release|x86
		{317637DB-D6C3-470D-B6AB-987C6BCCE479}.AppStore|ARM.ActiveCfg = Release|ARM
		{317637DB-D6C3-470D-B6AB-987C6BCCE479}.AppStore|ARM.Build.0 = Release|ARM
		{317637DB-D6C3-470D-B6AB-987C6BCCE479}.AppStore|ARM.Deploy.0 = Release|ARM
		{317637DB-D6C3-470D-B6AB-987C6BCCE479}.AppStore|iPhone.ActiveCfg = Release|x86
		{317637DB-D6C3-470D-B6AB-987C6BCCE479}.AppStore|iPhone.Build.0 = Release|x86
		{317637DB-D6C3-470D-B6AB-987C6BCCE479}.AppStore|iPhone.Deploy.0 = Release|x86
		{317637DB-D6C3-470D-B6AB-987C6BCCE479}.AppStore|iPhoneSimulator.ActiveCfg = Release|x86
		{317637DB-D6C3-470D-B6AB-987C6BCCE479}.AppStore|iPhoneSimulator.Build.0 = Release|x86
		{317637DB-D6C3-470D-B6AB-987C6BCCE479}.AppStore|iPhoneSimulator.Deploy.0 = Release|x86
		{317637DB-D6C3-470D-B6AB-987C6BCCE479}.AppStore|x64.ActiveCfg = Release|x64
		{317637DB-D6C3-470D-B6AB-987C6BCCE479}.AppStore|x64.Build.0 = Release|x64
		{317637DB-D6C3-470D-B6AB-987C6BCCE479}.AppStore|x64.Deploy.0 = Release|x64
		{317637DB-D6C3-470D-B6AB-987C6BCCE479}.AppStore|x86.ActiveCfg = Release|x86
		{317637DB-D6C3-470D-B6AB-987C6BCCE479}.AppStore|x86.Build.0 = Release|x86
		{317637DB-D6C3-470D-B6AB-987C6BCCE479}.AppStore|x86.Deploy.0 = Release|x86
		{317637DB-D6C3-470D-B6AB-987C6BCCE479}.Debug|Any CPU.ActiveCfg = Debug|x86
		{317637DB-D6C3-470D-B6AB-987C6BCCE479}.Debug|ARM.ActiveCfg = Debug|ARM
		{317637DB-D6C3-470D-B6AB-987C6BCCE479}.Debug|ARM.Build.0 = Debug|ARM
		{317637DB-D6C3-470D-B6AB-987C6BCCE479}.Debug|ARM.Deploy.0 = Debug|ARM
		{317637DB-D6C3-470D-B6AB-987C6BCCE479}.Debug|iPhone.ActiveCfg = Debug|x86
		{317637DB-D6C3-470D-B6AB-987C6BCCE479}.Debug|iPhoneSimulator.ActiveCfg = Debug|x86
		{317637DB-D6C3-470D-B6AB-987C6BCCE479}.Debug|x64.ActiveCfg = Debug|x64
		{317637DB-D6C3-470D-B6AB-987C6BCCE479}.Debug|x64.Build.0 = Debug|x64
		{317637DB-D6C3-470D-B6AB-987C6BCCE479}.Debug|x64.Deploy.0 = Debug|x64
		{317637DB-D6C3-470D-B6AB-987C6BCCE479}.Debug|x86.ActiveCfg = Debug|x86
		{317637DB-D6C3-470D-B6AB-987C6BCCE479}.Debug|x86.Build.0 = Debug|x86
		{317637DB-D6C3-470D-B6AB-987C6BCCE479}.Debug|x86.Deploy.0 = Debug|x86
		{317637DB-D6C3-470D-B6AB-987C6BCCE479}.Release|Any CPU.ActiveCfg = Release|x86
		{317637DB-D6C3-470D-B6AB-987C6BCCE479}.Release|ARM.ActiveCfg = Release|ARM
		{317637DB-D6C3-470D-B6AB-987C6BCCE479}.Release|ARM.Build.0 = Release|ARM
		{317637DB-D6C3-470D-B6AB-987C6BCCE479}.Release|ARM.Deploy.0 = Release|ARM
		{317637DB-D6C3-470D-B6AB-987C6BCCE479}.Release|iPhone.ActiveCfg = Release|x86
		{317637DB-D6C3-470D-B6AB-987C6BCCE479}.Release|iPhoneSimulator.ActiveCfg = Release|x86
		{317637DB-D6C3-470D-B6AB-987C6BCCE479}.Release|x64.ActiveCfg = Release|x64
		{317637DB-D6C3-470D-B6AB-987C6BCCE479}.Release|x64.Build.0 = Release|x64
		{317637DB-D6C3-470D-B6AB-987C6BCCE479}.Release|x64.Deploy.0 = Release|x64
		{317637DB-D6C3-470D-B6AB-987C6BCCE479}.Release|x86.ActiveCfg = Release|x86
		{317637DB-D6C3-470D-B6AB-987C6BCCE479}.Release|x86.Build.0 = Release|x86
		{317637DB-D6C3-470D-B6AB-987C6BCCE479}.Release|x86.Deploy.0 = Release|x86
		{6449373F-B83E-4C21-96BF-85D328A2FA79}.Ad-Hoc|Any CPU.ActiveCfg = Release|Any CPU
		{6449373F-B83E-4C21-96BF-85D328A2FA79}.Ad-Hoc|Any CPU.Build.0 = Release|Any CPU
		{6449373F-B83E-4C21-96BF-85D328A2FA79}.Ad-Hoc|Any CPU.Deploy.0 = Release|Any CPU
		{6449373F-B83E-4C21-96BF-85D328A2FA79}.Ad-Hoc|ARM.ActiveCfg = Release|ARM
		{6449373F-B83E-4C21-96BF-85D328A2FA79}.Ad-Hoc|ARM.Build.0 = Release|ARM
		{6449373F-B83E-4C21-96BF-85D328A2FA79}.Ad-Hoc|ARM.Deploy.0 = Release|ARM
		{6449373F-B83E-4C21-96BF-85D328A2FA79}.Ad-Hoc|iPhone.ActiveCfg = Release|Any CPU
		{6449373F-B83E-4C21-96BF-85D328A2FA79}.Ad-Hoc|iPhone.Build.0 = Release|Any CPU
		{6449373F-B83E-4C21-96BF-85D328A2FA79}.Ad-Hoc|iPhone.Deploy.0 = Release|Any CPU
		{6449373F-B83E-4C21-96BF-85D328A2FA79}.Ad-Hoc|iPhoneSimulator.ActiveCfg = Release|Any CPU
		{6449373F-B83E-4C21-96BF-85D328A2FA79}.Ad-Hoc|iPhoneSimulator.Build.0 = Release|Any CPU
		{6449373F-B83E-4C21-96BF-85D328A2FA79}.Ad-Hoc|iPhoneSimulator.Deploy.0 = Release|Any CPU
		{6449373F-B83E-4C21-96BF-85D328A2FA79}.Ad-Hoc|x64.ActiveCfg = Release|x64
		{6449373F-B83E-4C21-96BF-85D328A2FA79}.Ad-Hoc|x64.Build.0 = Release|x64
		{6449373F-B83E-4C21-96BF-85D328A2FA79}.Ad-Hoc|x64.Deploy.0 = Release|x64
		{6449373F-B83E-4C21-96BF-85D328A2FA79}.Ad-Hoc|x86.ActiveCfg = Release|x86
		{6449373F-B83E-4C21-96BF-85D328A2FA79}.Ad-Hoc|x86.Build.0 = Release|x86
		{6449373F-B83E-4C21-96BF-85D328A2FA79}.Ad-Hoc|x86.Deploy.0 = Release|x86
		{6449373F-B83E-4C21-96BF-85D328A2FA79}.AppStore|Any CPU.ActiveCfg = Release|Any CPU
		{6449373F-B83E-4C21-96BF-85D328A2FA79}.AppStore|Any CPU.Build.0 = Release|Any CPU
		{6449373F-B83E-4C21-96BF-85D328A2FA79}.AppStore|Any CPU.Deploy.0 = Release|Any CPU
		{6449373F-B83E-4C21-96BF-85D328A2FA79}.AppStore|ARM.ActiveCfg = Release|ARM
		{6449373F-B83E-4C21-96BF-85D328A2FA79}.AppStore|ARM.Build.0 = Release|ARM
		{6449373F-B83E-4C21-96BF-85D328A2FA79}.AppStore|ARM.Deploy.0 = Release|ARM
		{6449373F-B83E-4C21-96BF-85D328A2FA79}.AppStore|iPhone.ActiveCfg = Release|Any CPU
		{6449373F-B83E-4C21-96BF-85D328A2FA79}.AppStore|iPhone.Build.0 = Release|Any CPU
		{6449373F-B83E-4C21-96BF-85D328A2FA79}.AppStore|iPhone.Deploy.0 = Release|Any CPU
		{6449373F-B83E-4C21-96BF-85D328A2FA79}.AppStore|iPhoneSimulator.ActiveCfg = Release|Any CPU
		{6449373F-B83E-4C21-96BF-85D328A2FA79}.AppStore|iPhoneSimulator.Build.0 = Release|Any CPU
		{6449373F-B83E-4C21-96BF-85D328A2FA79}.AppStore|iPhoneSimulator.Deploy.0 = Release|Any CPU
		{6449373F-B83E-4C21-96BF-85D328A2FA79}.AppStore|x64.ActiveCfg = Release|x64
		{6449373F-B83E-4C21-96BF-85D328A2FA79}.AppStore|x64.Build.0 = Release|x64
		{6449373F-B83E-4C21-96BF-85D328A2FA79}.AppStore|x64.Deploy.0 = Release|x64
		{6449373F-B83E-4C21-96BF-85D328A2FA79}.AppStore|x86.ActiveCfg = Release|x86
		{6449373F-B83E-4C21-96BF-85D328A2FA79}.AppStore|x86.Build.0 = Release|x86
		{6449373F-B83E-4C21-96BF-85D328A2FA79}.AppStore|x86.Deploy.0 = Release|x86
		{6449373F-B83E-4C21-96BF-85D328A2FA79}.Debug|Any CPU.ActiveCfg = Debug|Any CPU
		{6449373F-B83E-4C21-96BF-85D328A2FA79}.Debug|Any CPU.Build.0 = Debug|Any CPU
		{6449373F-B83E-4C21-96BF-85D328A2FA79}.Debug|Any CPU.Deploy.0 = Debug|Any CPU
		{6449373F-B83E-4C21-96BF-85D328A2FA79}.Debug|ARM.ActiveCfg = Debug|ARM
		{6449373F-B83E-4C21-96BF-85D328A2FA79}.Debug|ARM.Build.0 = Debug|ARM
		{6449373F-B83E-4C21-96BF-85D328A2FA79}.Debug|ARM.Deploy.0 = Debug|ARM
		{6449373F-B83E-4C21-96BF-85D328A2FA79}.Debug|iPhone.ActiveCfg = Debug|Any CPU
		{6449373F-B83E-4C21-96BF-85D328A2FA79}.Debug|iPhone.Build.0 = Debug|Any CPU
		{6449373F-B83E-4C21-96BF-85D328A2FA79}.Debug|iPhone.Deploy.0 = Debug|Any CPU
		{6449373F-B83E-4C21-96BF-85D328A2FA79}.Debug|iPhoneSimulator.ActiveCfg = Debug|Any CPU
		{6449373F-B83E-4C21-96BF-85D328A2FA79}.Debug|iPhoneSimulator.Build.0 = Debug|Any CPU
		{6449373F-B83E-4C21-96BF-85D328A2FA79}.Debug|iPhoneSimulator.Deploy.0 = Debug|Any CPU
		{6449373F-B83E-4C21-96BF-85D328A2FA79}.Debug|x64.ActiveCfg = Debug|x64
		{6449373F-B83E-4C21-96BF-85D328A2FA79}.Debug|x64.Build.0 = Debug|x64
		{6449373F-B83E-4C21-96BF-85D328A2FA79}.Debug|x64.Deploy.0 = Debug|x64
		{6449373F-B83E-4C21-96BF-85D328A2FA79}.Debug|x86.ActiveCfg = Debug|x86
		{6449373F-B83E-4C21-96BF-85D328A2FA79}.Debug|x86.Build.0 = Debug|x86
		{6449373F-B83E-4C21-96BF-85D328A2FA79}.Debug|x86.Deploy.0 = Debug|x86
		{6449373F-B83E-4C21-96BF-85D328A2FA79}.Release|Any CPU.ActiveCfg = Release|Any CPU
		{6449373F-B83E-4C21-96BF-85D328A2FA79}.Release|Any CPU.Build.0 = Release|Any CPU
		{6449373F-B83E-4C21-96BF-85D328A2FA79}.Release|Any CPU.Deploy.0 = Release|Any CPU
		{6449373F-B83E-4C21-96BF-85D328A2FA79}.Release|ARM.ActiveCfg = Release|ARM
		{6449373F-B83E-4C21-96BF-85D328A2FA79}.Release|ARM.Build.0 = Release|ARM
		{6449373F-B83E-4C21-96BF-85D328A2FA79}.Release|ARM.Deploy.0 = Release|ARM
		{6449373F-B83E-4C21-96BF-85D328A2FA79}.Release|iPhone.ActiveCfg = Release|Any CPU
		{6449373F-B83E-4C21-96BF-85D328A2FA79}.Release|iPhone.Build.0 = Release|Any CPU
		{6449373F-B83E-4C21-96BF-85D328A2FA79}.Release|iPhone.Deploy.0 = Release|Any CPU
		{6449373F-B83E-4C21-96BF-85D328A2FA79}.Release|iPhoneSimulator.ActiveCfg = Release|Any CPU
		{6449373F-B83E-4C21-96BF-85D328A2FA79}.Release|iPhoneSimulator.Build.0 = Release|Any CPU
		{6449373F-B83E-4C21-96BF-85D328A2FA79}.Release|iPhoneSimulator.Deploy.0 = Release|Any CPU
		{6449373F-B83E-4C21-96BF-85D328A2FA79}.Release|x64.ActiveCfg = Release|x64
		{6449373F-B83E-4C21-96BF-85D328A2FA79}.Release|x64.Build.0 = Release|x64
		{6449373F-B83E-4C21-96BF-85D328A2FA79}.Release|x64.Deploy.0 = Release|x64
		{6449373F-B83E-4C21-96BF-85D328A2FA79}.Release|x86.ActiveCfg = Release|x86
		{6449373F-B83E-4C21-96BF-85D328A2FA79}.Release|x86.Build.0 = Release|x86
		{6449373F-B83E-4C21-96BF-85D328A2FA79}.Release|x86.Deploy.0 = Release|x86
		{0CCB969F-02DF-4F92-B89F-9295235AF02F}.Ad-Hoc|Any CPU.ActiveCfg = Release|Any CPU
		{0CCB969F-02DF-4F92-B89F-9295235AF02F}.Ad-Hoc|Any CPU.Build.0 = Release|Any CPU
		{0CCB969F-02DF-4F92-B89F-9295235AF02F}.Ad-Hoc|ARM.ActiveCfg = Release|Any CPU
		{0CCB969F-02DF-4F92-B89F-9295235AF02F}.Ad-Hoc|ARM.Build.0 = Release|Any CPU
		{0CCB969F-02DF-4F92-B89F-9295235AF02F}.Ad-Hoc|iPhone.ActiveCfg = Release|Any CPU
		{0CCB969F-02DF-4F92-B89F-9295235AF02F}.Ad-Hoc|iPhone.Build.0 = Release|Any CPU
		{0CCB969F-02DF-4F92-B89F-9295235AF02F}.Ad-Hoc|iPhoneSimulator.ActiveCfg = Release|Any CPU
		{0CCB969F-02DF-4F92-B89F-9295235AF02F}.Ad-Hoc|iPhoneSimulator.Build.0 = Release|Any CPU
		{0CCB969F-02DF-4F92-B89F-9295235AF02F}.Ad-Hoc|x64.ActiveCfg = Release|Any CPU
		{0CCB969F-02DF-4F92-B89F-9295235AF02F}.Ad-Hoc|x64.Build.0 = Release|Any CPU
		{0CCB969F-02DF-4F92-B89F-9295235AF02F}.Ad-Hoc|x86.ActiveCfg = Release|Any CPU
		{0CCB969F-02DF-4F92-B89F-9295235AF02F}.Ad-Hoc|x86.Build.0 = Release|Any CPU
		{0CCB969F-02DF-4F92-B89F-9295235AF02F}.AppStore|Any CPU.ActiveCfg = Release|Any CPU
		{0CCB969F-02DF-4F92-B89F-9295235AF02F}.AppStore|Any CPU.Build.0 = Release|Any CPU
		{0CCB969F-02DF-4F92-B89F-9295235AF02F}.AppStore|ARM.ActiveCfg = Release|Any CPU
		{0CCB969F-02DF-4F92-B89F-9295235AF02F}.AppStore|ARM.Build.0 = Release|Any CPU
		{0CCB969F-02DF-4F92-B89F-9295235AF02F}.AppStore|iPhone.ActiveCfg = Release|Any CPU
		{0CCB969F-02DF-4F92-B89F-9295235AF02F}.AppStore|iPhone.Build.0 = Release|Any CPU
		{0CCB969F-02DF-4F92-B89F-9295235AF02F}.AppStore|iPhoneSimulator.ActiveCfg = Release|Any CPU
		{0CCB969F-02DF-4F92-B89F-9295235AF02F}.AppStore|iPhoneSimulator.Build.0 = Release|Any CPU
		{0CCB969F-02DF-4F92-B89F-9295235AF02F}.AppStore|x64.ActiveCfg = Release|Any CPU
		{0CCB969F-02DF-4F92-B89F-9295235AF02F}.AppStore|x64.Build.0 = Release|Any CPU
		{0CCB969F-02DF-4F92-B89F-9295235AF02F}.AppStore|x86.ActiveCfg = Release|Any CPU
		{0CCB969F-02DF-4F92-B89F-9295235AF02F}.AppStore|x86.Build.0 = Release|Any CPU
		{0CCB969F-02DF-4F92-B89F-9295235AF02F}.Debug|Any CPU.ActiveCfg = Debug|Any CPU
		{0CCB969F-02DF-4F92-B89F-9295235AF02F}.Debug|Any CPU.Build.0 = Debug|Any CPU
		{0CCB969F-02DF-4F92-B89F-9295235AF02F}.Debug|ARM.ActiveCfg = Debug|Any CPU
		{0CCB969F-02DF-4F92-B89F-9295235AF02F}.Debug|ARM.Build.0 = Debug|Any CPU
		{0CCB969F-02DF-4F92-B89F-9295235AF02F}.Debug|iPhone.ActiveCfg = Debug|Any CPU
		{0CCB969F-02DF-4F92-B89F-9295235AF02F}.Debug|iPhone.Build.0 = Debug|Any CPU
		{0CCB969F-02DF-4F92-B89F-9295235AF02F}.Debug|iPhoneSimulator.ActiveCfg = Debug|Any CPU
		{0CCB969F-02DF-4F92-B89F-9295235AF02F}.Debug|iPhoneSimulator.Build.0 = Debug|Any CPU
		{0CCB969F-02DF-4F92-B89F-9295235AF02F}.Debug|x64.ActiveCfg = Debug|Any CPU
		{0CCB969F-02DF-4F92-B89F-9295235AF02F}.Debug|x64.Build.0 = Debug|Any CPU
		{0CCB969F-02DF-4F92-B89F-9295235AF02F}.Debug|x86.ActiveCfg = Debug|Any CPU
		{0CCB969F-02DF-4F92-B89F-9295235AF02F}.Debug|x86.Build.0 = Debug|Any CPU
		{0CCB969F-02DF-4F92-B89F-9295235AF02F}.Release|Any CPU.ActiveCfg = Release|Any CPU
		{0CCB969F-02DF-4F92-B89F-9295235AF02F}.Release|Any CPU.Build.0 = Release|Any CPU
		{0CCB969F-02DF-4F92-B89F-9295235AF02F}.Release|ARM.ActiveCfg = Release|Any CPU
		{0CCB969F-02DF-4F92-B89F-9295235AF02F}.Release|ARM.Build.0 = Release|Any CPU
		{0CCB969F-02DF-4F92-B89F-9295235AF02F}.Release|iPhone.ActiveCfg = Release|Any CPU
		{0CCB969F-02DF-4F92-B89F-9295235AF02F}.Release|iPhone.Build.0 = Release|Any CPU
		{0CCB969F-02DF-4F92-B89F-9295235AF02F}.Release|iPhoneSimulator.ActiveCfg = Release|Any CPU
		{0CCB969F-02DF-4F92-B89F-9295235AF02F}.Release|iPhoneSimulator.Build.0 = Release|Any CPU
		{0CCB969F-02DF-4F92-B89F-9295235AF02F}.Release|x64.ActiveCfg = Release|Any CPU
		{0CCB969F-02DF-4F92-B89F-9295235AF02F}.Release|x64.Build.0 = Release|Any CPU
		{0CCB969F-02DF-4F92-B89F-9295235AF02F}.Release|x86.ActiveCfg = Release|Any CPU
		{0CCB969F-02DF-4F92-B89F-9295235AF02F}.Release|x86.Build.0 = Release|Any CPU
	EndGlobalSection
	GlobalSection(SolutionProperties) = preSolution
		HideSolutionNode = FALSE
	EndGlobalSection
	GlobalSection(NestedProjects) = preSolution
		{207ABCEA-91AB-4F17-B5E9-C66C94FD60FE} = {FFDFC062-C7C7-4163-BE20-4A8CC98F90C2}
		{E033292C-1101-44F4-867D-083EF8DB215F} = {FFDFC062-C7C7-4163-BE20-4A8CC98F90C2}
		{0393D583-541C-43B7-8693-ABD7B6548E6F} = {FFDFC062-C7C7-4163-BE20-4A8CC98F90C2}
		{2543F91E-9C19-44E1-BC38-2FC848A35211} = {23C9172F-4E89-4684-B931-53D7CB212BE4}
		{38EB65AA-0F27-46A5-BBAD-355EA85F3DA5} = {23C9172F-4E89-4684-B931-53D7CB212BE4}
		{C389D123-BCEC-45EA-B392-E525FB741051} = {23C9172F-4E89-4684-B931-53D7CB212BE4}
		{317637DB-D6C3-470D-B6AB-987C6BCCE479} = {23C9172F-4E89-4684-B931-53D7CB212BE4}
		{6449373F-B83E-4C21-96BF-85D328A2FA79} = {23C9172F-4E89-4684-B931-53D7CB212BE4}
		{0CCB969F-02DF-4F92-B89F-9295235AF02F} = {23C9172F-4E89-4684-B931-53D7CB212BE4}
	EndGlobalSection
EndGlobal
